
Microsoft Visual Studio Solution File, Format Version 12.00
# Visual Studio Version 16
VisualStudioVersion = 16.0.29215.179
MinimumVisualStudioVersion = 10.0.40219.1
Project("{2150E333-8FDC-42A3-9474-1A3956D46DE8}") = "1. Unit Testing Basics", "1. Unit Testing Basics", "{979A99D5-F7A5-4BAE-A673-2B8721D3BB0F}"
EndProject
Project("{2150E333-8FDC-42A3-9474-1A3956D46DE8}") = "1.1. Basic Calculator", "1.1. Basic Calculator", "{B903B65A-183E-405D-85EA-92496F18677B}"
	ProjectSection(SolutionItems) = preProject
		1.1. Basic Calculator Exercise.txt = 1.1. Basic Calculator Exercise.txt
	EndProjectSection
EndProject
Project("{9A19103F-16F7-4668-BE54-9A1E7A4F7556}") = "BasicCalculator", "BasicCalculator\BasicCalculator.csproj", "{CC2D02DB-58F2-46FF-9F68-356DF47FFC50}"
EndProject
Project("{9A19103F-16F7-4668-BE54-9A1E7A4F7556}") = "BasicCalculator.Test", "BasicCalculator.Test\BasicCalculator.Test.csproj", "{5C792249-AD5C-45F8-B6AC-E275A687E120}"
EndProject
Project("{9A19103F-16F7-4668-BE54-9A1E7A4F7556}") = "DateTimeLibrary", "DateTimeLibrary\DateTimeLibrary.csproj", "{46886D9B-0C3F-42AB-B65C-7FA1F3DC1F5E}"
EndProject
Project("{2150E333-8FDC-42A3-9474-1A3956D46DE8}") = "1.2. DateTimeRange", "1.2. DateTimeRange", "{8DEAAEF4-83AC-4C61-83B5-7E729AB392A7}"
	ProjectSection(SolutionItems) = preProject
		1.2. DateTimeRange.txt = 1.2. DateTimeRange.txt
	EndProjectSection
EndProject
Project("{9A19103F-16F7-4668-BE54-9A1E7A4F7556}") = "DateTimeLibrary.Test", "DateTimeLibrary.Test\DateTimeLibrary.Test.csproj", "{6C0F9EB6-0763-403B-9DF4-2756F3BC046D}"
EndProject
Project("{2150E333-8FDC-42A3-9474-1A3956D46DE8}") = "1.3. StringMixer", "1.3. StringMixer", "{94A73A34-9272-4AA1-86D9-6E4C47F50287}"
	ProjectSection(SolutionItems) = preProject
		1.3 StringMixer.txt = 1.3 StringMixer.txt
	EndProjectSection
EndProject
Project("{9A19103F-16F7-4668-BE54-9A1E7A4F7556}") = "StringMixerLibrary", "StringMixer\StringMixerLibrary.csproj", "{7012765F-6699-4634-B4B7-858B460F4DDA}"
EndProject
Project("{9A19103F-16F7-4668-BE54-9A1E7A4F7556}") = "StringMixerLibrary.Test", "StringMixer.Test\StringMixerLibrary.Test.csproj", "{C2AF9458-604E-4CDA-B375-42FFF6146C39}"
EndProject
Project("{2150E333-8FDC-42A3-9474-1A3956D46DE8}") = "2. Fakes", "2. Fakes", "{4848D017-FA36-4E0A-AF05-1A0CB620F8C1}"
EndProject
Project("{2150E333-8FDC-42A3-9474-1A3956D46DE8}") = "2.2. ShoppingBasket", "2.2. ShoppingBasket", "{0E478A3C-E253-4059-9238-F8454DDCBBF1}"
	ProjectSection(SolutionItems) = preProject
		2.2. ShoppingBasket.txt = 2.2. ShoppingBasket.txt
	EndProjectSection
EndProject
Project("{9A19103F-16F7-4668-BE54-9A1E7A4F7556}") = "Shopping", "Shopping\Shopping.csproj", "{4C4ED196-ED8A-4483-9BA9-97C02C6FDCF1}"
EndProject
Project("{9A19103F-16F7-4668-BE54-9A1E7A4F7556}") = "Shopping.Test", "Shopping.Test\Shopping.Test.csproj", "{D5C8D56B-58A8-4D20-A1F0-C0667EC456F4}"
EndProject
Project("{2150E333-8FDC-42A3-9474-1A3956D46DE8}") = "2.1. Restaurant", "2.1. Restaurant", "{C2CA3982-DAE0-4DDD-9AFF-CC4D21459E22}"
	ProjectSection(SolutionItems) = preProject
		2.1. Restaurant.txt = 2.1. Restaurant.txt
	EndProjectSection
EndProject
Project("{9A19103F-16F7-4668-BE54-9A1E7A4F7556}") = "RestaurantApp.Test", "RestaurantApp.Test\RestaurantApp.Test.csproj", "{7AE75FFB-C263-4109-AD6B-7FAB91FD0834}"
EndProject
Project("{9A19103F-16F7-4668-BE54-9A1E7A4F7556}") = "RestaurantApp", "Restaurant\RestaurantApp.csproj", "{4C645644-9633-4A09-B2F1-06C95678665F}"
EndProject
Project("{2150E333-8FDC-42A3-9474-1A3956D46DE8}") = "3. BDD - TDD", "3. BDD - TDD", "{23B0D783-D2FC-49E4-9B5E-BC267F4D1456}"
EndProject
Project("{9A19103F-16F7-4668-BE54-9A1E7A4F7556}") = "CalculatorApp.Domain", "CalculatorApp.Domain\CalculatorApp.Domain.csproj", "{099F2D0D-8994-414D-9A26-7D883357234E}"
EndProject
Project("{FAE04EC0-301F-11D3-BF4B-00C04F79EFBC}") = "CalculatorApp.Domain.Test", "CalculatorApp.Domain.Test\CalculatorApp.Domain.Test.csproj", "{A3CA92AE-0B67-4E86-BCAC-923325EF3589}"
EndProject
Global
	GlobalSection(SolutionConfigurationPlatforms) = preSolution
		Debug|Any CPU = Debug|Any CPU
		Release|Any CPU = Release|Any CPU
	EndGlobalSection
	GlobalSection(ProjectConfigurationPlatforms) = postSolution
		{CC2D02DB-58F2-46FF-9F68-356DF47FFC50}.Debug|Any CPU.ActiveCfg = Debug|Any CPU
		{CC2D02DB-58F2-46FF-9F68-356DF47FFC50}.Debug|Any CPU.Build.0 = Debug|Any CPU
		{CC2D02DB-58F2-46FF-9F68-356DF47FFC50}.Release|Any CPU.ActiveCfg = Release|Any CPU
		{CC2D02DB-58F2-46FF-9F68-356DF47FFC50}.Release|Any CPU.Build.0 = Release|Any CPU
		{5C792249-AD5C-45F8-B6AC-E275A687E120}.Debug|Any CPU.ActiveCfg = Debug|Any CPU
		{5C792249-AD5C-45F8-B6AC-E275A687E120}.Debug|Any CPU.Build.0 = Debug|Any CPU
		{5C792249-AD5C-45F8-B6AC-E275A687E120}.Release|Any CPU.ActiveCfg = Release|Any CPU
		{5C792249-AD5C-45F8-B6AC-E275A687E120}.Release|Any CPU.Build.0 = Release|Any CPU
		{46886D9B-0C3F-42AB-B65C-7FA1F3DC1F5E}.Debug|Any CPU.ActiveCfg = Debug|Any CPU
		{46886D9B-0C3F-42AB-B65C-7FA1F3DC1F5E}.Debug|Any CPU.Build.0 = Debug|Any CPU
		{46886D9B-0C3F-42AB-B65C-7FA1F3DC1F5E}.Release|Any CPU.ActiveCfg = Release|Any CPU
		{46886D9B-0C3F-42AB-B65C-7FA1F3DC1F5E}.Release|Any CPU.Build.0 = Release|Any CPU
		{6C0F9EB6-0763-403B-9DF4-2756F3BC046D}.Debug|Any CPU.ActiveCfg = Debug|Any CPU
		{6C0F9EB6-0763-403B-9DF4-2756F3BC046D}.Debug|Any CPU.Build.0 = Debug|Any CPU
		{6C0F9EB6-0763-403B-9DF4-2756F3BC046D}.Release|Any CPU.ActiveCfg = Release|Any CPU
		{6C0F9EB6-0763-403B-9DF4-2756F3BC046D}.Release|Any CPU.Build.0 = Release|Any CPU
		{7012765F-6699-4634-B4B7-858B460F4DDA}.Debug|Any CPU.ActiveCfg = Debug|Any CPU
		{7012765F-6699-4634-B4B7-858B460F4DDA}.Debug|Any CPU.Build.0 = Debug|Any CPU
		{7012765F-6699-4634-B4B7-858B460F4DDA}.Release|Any CPU.ActiveCfg = Release|Any CPU
		{7012765F-6699-4634-B4B7-858B460F4DDA}.Release|Any CPU.Build.0 = Release|Any CPU
		{C2AF9458-604E-4CDA-B375-42FFF6146C39}.Debug|Any CPU.ActiveCfg = Debug|Any CPU
		{C2AF9458-604E-4CDA-B375-42FFF6146C39}.Debug|Any CPU.Build.0 = Debug|Any CPU
		{C2AF9458-604E-4CDA-B375-42FFF6146C39}.Release|Any CPU.ActiveCfg = Release|Any CPU
		{C2AF9458-604E-4CDA-B375-42FFF6146C39}.Release|Any CPU.Build.0 = Release|Any CPU
		{4C4ED196-ED8A-4483-9BA9-97C02C6FDCF1}.Debug|Any CPU.ActiveCfg = Debug|Any CPU
		{4C4ED196-ED8A-4483-9BA9-97C02C6FDCF1}.Debug|Any CPU.Build.0 = Debug|Any CPU
		{4C4ED196-ED8A-4483-9BA9-97C02C6FDCF1}.Release|Any CPU.ActiveCfg = Release|Any CPU
		{4C4ED196-ED8A-4483-9BA9-97C02C6FDCF1}.Release|Any CPU.Build.0 = Release|Any CPU
		{D5C8D56B-58A8-4D20-A1F0-C0667EC456F4}.Debug|Any CPU.ActiveCfg = Debug|Any CPU
		{D5C8D56B-58A8-4D20-A1F0-C0667EC456F4}.Debug|Any CPU.Build.0 = Debug|Any CPU
		{D5C8D56B-58A8-4D20-A1F0-C0667EC456F4}.Release|Any CPU.ActiveCfg = Release|Any CPU
		{D5C8D56B-58A8-4D20-A1F0-C0667EC456F4}.Release|Any CPU.Build.0 = Release|Any CPU
		{7AE75FFB-C263-4109-AD6B-7FAB91FD0834}.Debug|Any CPU.ActiveCfg = Debug|Any CPU
		{7AE75FFB-C263-4109-AD6B-7FAB91FD0834}.Debug|Any CPU.Build.0 = Debug|Any CPU
		{7AE75FFB-C263-4109-AD6B-7FAB91FD0834}.Release|Any CPU.ActiveCfg = Release|Any CPU
		{7AE75FFB-C263-4109-AD6B-7FAB91FD0834}.Release|Any CPU.Build.0 = Release|Any CPU
		{4C645644-9633-4A09-B2F1-06C95678665F}.Debug|Any CPU.ActiveCfg = Debug|Any CPU
		{4C645644-9633-4A09-B2F1-06C95678665F}.Debug|Any CPU.Build.0 = Debug|Any CPU
		{4C645644-9633-4A09-B2F1-06C95678665F}.Release|Any CPU.ActiveCfg = Release|Any CPU
		{4C645644-9633-4A09-B2F1-06C95678665F}.Release|Any CPU.Build.0 = Release|Any CPU
		{099F2D0D-8994-414D-9A26-7D883357234E}.Debug|Any CPU.ActiveCfg = Debug|Any CPU
		{099F2D0D-8994-414D-9A26-7D883357234E}.Debug|Any CPU.Build.0 = Debug|Any CPU
		{099F2D0D-8994-414D-9A26-7D883357234E}.Release|Any CPU.ActiveCfg = Release|Any CPU
		{099F2D0D-8994-414D-9A26-7D883357234E}.Release|Any CPU.Build.0 = Release|Any CPU
		{A3CA92AE-0B67-4E86-BCAC-923325EF3589}.Debug|Any CPU.ActiveCfg = Debug|Any CPU
		{A3CA92AE-0B67-4E86-BCAC-923325EF3589}.Debug|Any CPU.Build.0 = Debug|Any CPU
		{A3CA92AE-0B67-4E86-BCAC-923325EF3589}.Release|Any CPU.ActiveCfg = Release|Any CPU
		{A3CA92AE-0B67-4E86-BCAC-923325EF3589}.Release|Any CPU.Build.0 = Release|Any CPU
	EndGlobalSection
	GlobalSection(SolutionProperties) = preSolution
		HideSolutionNode = FALSE
	EndGlobalSection
	GlobalSection(NestedProjects) = preSolution
		{B903B65A-183E-405D-85EA-92496F18677B} = {979A99D5-F7A5-4BAE-A673-2B8721D3BB0F}
		{CC2D02DB-58F2-46FF-9F68-356DF47FFC50} = {B903B65A-183E-405D-85EA-92496F18677B}
		{5C792249-AD5C-45F8-B6AC-E275A687E120} = {B903B65A-183E-405D-85EA-92496F18677B}
		{46886D9B-0C3F-42AB-B65C-7FA1F3DC1F5E} = {8DEAAEF4-83AC-4C61-83B5-7E729AB392A7}
		{8DEAAEF4-83AC-4C61-83B5-7E729AB392A7} = {979A99D5-F7A5-4BAE-A673-2B8721D3BB0F}
		{6C0F9EB6-0763-403B-9DF4-2756F3BC046D} = {8DEAAEF4-83AC-4C61-83B5-7E729AB392A7}
		{94A73A34-9272-4AA1-86D9-6E4C47F50287} = {979A99D5-F7A5-4BAE-A673-2B8721D3BB0F}
		{7012765F-6699-4634-B4B7-858B460F4DDA} = {94A73A34-9272-4AA1-86D9-6E4C47F50287}
		{C2AF9458-604E-4CDA-B375-42FFF6146C39} = {94A73A34-9272-4AA1-86D9-6E4C47F50287}
		{0E478A3C-E253-4059-9238-F8454DDCBBF1} = {4848D017-FA36-4E0A-AF05-1A0CB620F8C1}
		{4C4ED196-ED8A-4483-9BA9-97C02C6FDCF1} = {0E478A3C-E253-4059-9238-F8454DDCBBF1}
		{D5C8D56B-58A8-4D20-A1F0-C0667EC456F4} = {0E478A3C-E253-4059-9238-F8454DDCBBF1}
		{C2CA3982-DAE0-4DDD-9AFF-CC4D21459E22} = {4848D017-FA36-4E0A-AF05-1A0CB620F8C1}
		{7AE75FFB-C263-4109-AD6B-7FAB91FD0834} = {C2CA3982-DAE0-4DDD-9AFF-CC4D21459E22}
		{4C645644-9633-4A09-B2F1-06C95678665F} = {C2CA3982-DAE0-4DDD-9AFF-CC4D21459E22}
		{099F2D0D-8994-414D-9A26-7D883357234E} = {23B0D783-D2FC-49E4-9B5E-BC267F4D1456}
		{A3CA92AE-0B67-4E86-BCAC-923325EF3589} = {23B0D783-D2FC-49E4-9B5E-BC267F4D1456}
	EndGlobalSection
	GlobalSection(ExtensibilityGlobals) = postSolution
		SolutionGuid = {8FBEFAED-1E54-4CA7-B830-98BA9FFD2C69}
	EndGlobalSection
EndGlobal
